{"version":4,"terraform_version":"1.11.5","serial":4,"lineage":"8a778631-b8d0-383d-5873-f53e5eda0714","outputs":{},"resources":[{"mode":"managed","type":"hcloud_zone","name":"m41w423mu572un","provider":"provider[\"registry.opentofu.org/hetznercloud/hcloud\"]","instances":[{"schema_version":0,"attributes":{"authoritative_nameservers":{"assigned":["hydrogen.ns.hetzner.com.","oxygen.ns.hetzner.com.","helium.ns.hetzner.de."]},"delete_protection":false,"id":879433,"labels":{},"mode":"primary","name":"m41w423mu572un.xyz","primary_nameservers":[],"registrar":"other","ttl":3600},"sensitive_attributes":[]}]},{"mode":"managed","type":"hcloud_zone_rrset","name":"a_c2_malware_edr_tester","provider":"provider[\"registry.opentofu.org/hetznercloud/hcloud\"]","instances":[{"schema_version":0,"attributes":{"change_protection":false,"id":"c2-malware-edr-tester/A","labels":{},"name":"c2-malware-edr-tester","records":[{"comment":null,"value":"35.228.196.57"}],"ttl":60,"type":"A","zone":"m41w423mu572un.xyz"},"sensitive_attributes":[],"dependencies":["hcloud_zone.m41w423mu572un"]}]},{"mode":"managed","type":"hcloud_zone_rrset","name":"a_phish_tester","provider":"provider[\"registry.opentofu.org/hetznercloud/hcloud\"]","instances":[{"schema_version":0,"attributes":{"change_protection":false,"id":"phish-tester/A","labels":{},"name":"phish-tester","records":[{"comment":null,"value":"34.88.103.162"}],"ttl":60,"type":"A","zone":"m41w423mu572un.xyz"},"sensitive_attributes":[],"dependencies":["hcloud_zone.m41w423mu572un"]}]}],"check_results":null}
