{"version":4,"terraform_version":"1.11.5","serial":1,"lineage":"e07d70ff-e7c9-6e47-28b8-3af9d1e5de4c","outputs":{},"resources":[{"mode":"managed","type":"hetzner_dns_zone","name":"this","provider":"provider[\"registry.opentofu.org/opsheaven/hetzner\"]","instances":[{"status":"tainted","schema_version":0,"attributes":{"id":null,"name":"kaywoz.xyz","ns":null,"paused":null,"status":null,"ttl":3600},"sensitive_attributes":[]}]}],"check_results":null}
